# This file was autogenerated by Stack.
# You should not edit this file by hand.
# For more information, please see the documentation at:
#   https://docs.haskellstack.org/en/stable/lock_files

packages:
- completed:
    hackage: language-python-0.5.8@sha256:c96a6b22e57acbf04c9955a108f6332fe84affd00fd3fe994fa4c5b344238c8e,2558
    pantry-tree:
      size: 1999
      sha256: b0dca8f7dec81c60459ed8ae8d499f75db0d24f39c57dee1bfb6e6afb0d96e75
  original:
    hackage: language-python-0.5.8@sha256:c96a6b22e57acbf04c9955a108f6332fe84affd00fd3fe994fa4c5b344238c8e,2558
snapshots:
- completed:
    size: 524996
    url: https://raw.githubusercontent.com/commercialhaskell/stackage-snapshots/master/lts/14/27.yaml
    sha256: 7ea31a280c56bf36ff591a7397cc384d0dff622e7f9e4225b47d8980f019a0f0
  original: lts-14.27
